
Microsoft Visual Studio Solution File, Format Version 12.00
# Visual Studio Version 16
VisualStudioVersion = 16.0.31205.134
MinimumVisualStudioVersion = 10.0.40219.1
Project("{FAE04EC0-301F-11D3-BF4B-00C04F79EFBC}") = "ZeroPapel.Server", "ZeroPapel\Server\ZeroPapel.Server.csproj", "{38394730-1A81-48CF-BE54-955192FF40E4}"
EndProject
Project("{FAE04EC0-301F-11D3-BF4B-00C04F79EFBC}") = "ZeroPapel.Client", "ZeroPapel\Client\ZeroPapel.Client.csproj", "{03F02291-9123-4AB4-B6D7-E59176F3488B}"
EndProject
Project("{FAE04EC0-301F-11D3-BF4B-00C04F79EFBC}") = "ZeroPapel.Shared", "ZeroPapel\Shared\ZeroPapel.Shared.csproj", "{9D7F7F18-8CBC-4DBD-9ACD-F459E2BC4485}"
EndProject
Global
	GlobalSection(SolutionConfigurationPlatforms) = preSolution
		Debug|Any CPU = Debug|Any CPU
		Release|Any CPU = Release|Any CPU
	EndGlobalSection
	GlobalSection(ProjectConfigurationPlatforms) = postSolution
		{38394730-1A81-48CF-BE54-955192FF40E4}.Debug|Any CPU.ActiveCfg = Debug|Any CPU
		{38394730-1A81-48CF-BE54-955192FF40E4}.Debug|Any CPU.Build.0 = Debug|Any CPU
		{38394730-1A81-48CF-BE54-955192FF40E4}.Release|Any CPU.ActiveCfg = Release|Any CPU
		{38394730-1A81-48CF-BE54-955192FF40E4}.Release|Any CPU.Build.0 = Release|Any CPU
		{03F02291-9123-4AB4-B6D7-E59176F3488B}.Debug|Any CPU.ActiveCfg = Debug|Any CPU
		{03F02291-9123-4AB4-B6D7-E59176F3488B}.Debug|Any CPU.Build.0 = Debug|Any CPU
		{03F02291-9123-4AB4-B6D7-E59176F3488B}.Release|Any CPU.ActiveCfg = Release|Any CPU
		{03F02291-9123-4AB4-B6D7-E59176F3488B}.Release|Any CPU.Build.0 = Release|Any CPU
		{9D7F7F18-8CBC-4DBD-9ACD-F459E2BC4485}.Debug|Any CPU.ActiveCfg = Debug|Any CPU
		{9D7F7F18-8CBC-4DBD-9ACD-F459E2BC4485}.Debug|Any CPU.Build.0 = Debug|Any CPU
		{9D7F7F18-8CBC-4DBD-9ACD-F459E2BC4485}.Release|Any CPU.ActiveCfg = Release|Any CPU
		{9D7F7F18-8CBC-4DBD-9ACD-F459E2BC4485}.Release|Any CPU.Build.0 = Release|Any CPU
	EndGlobalSection
	GlobalSection(SolutionProperties) = preSolution
		HideSolutionNode = FALSE
	EndGlobalSection
	GlobalSection(ExtensibilityGlobals) = postSolution
		SolutionGuid = {40D8B18B-A5B3-4F45-B5E3-8A83E7563D74}
	EndGlobalSection
EndGlobal
